
Microsoft Visual Studio Solution File, Format Version 12.00
# Visual Studio Version 16
VisualStudioVersion = 16.0.31410.357
MinimumVisualStudioVersion = 10.0.40219.1
Project("{FAE04EC0-301F-11D3-BF4B-00C04F79EFBC}") = "LSPDFR-Callout-real callouts", "LSPDFR-Callout-real callouts.csproj", "{888DD182-E640-4802-B48C-AADA907DB88F}"
EndProject
Global
	GlobalSection(SolutionConfigurationPlatforms) = preSolution
		Debug|Any CPU = Debug|Any CPU
		Release|Any CPU = Release|Any CPU
	EndGlobalSection
	GlobalSection(ProjectConfigurationPlatforms) = postSolution
		{888DD182-E640-4802-B48C-AADA907DB88F}.Debug|Any CPU.ActiveCfg = Debug|Any CPU
		{888DD182-E640-4802-B48C-AADA907DB88F}.Debug|Any CPU.Build.0 = Debug|Any CPU
		{888DD182-E640-4802-B48C-AADA907DB88F}.Release|Any CPU.ActiveCfg = Release|Any CPU
		{888DD182-E640-4802-B48C-AADA907DB88F}.Release|Any CPU.Build.0 = Release|Any CPU
	EndGlobalSection
	GlobalSection(SolutionProperties) = preSolution
		HideSolutionNode = FALSE
	EndGlobalSection
	GlobalSection(ExtensibilityGlobals) = postSolution
		SolutionGuid = {1503C519-8C3A-45CC-B400-54B1F48DF430}
	EndGlobalSection
EndGlobal
